
Microsoft Visual Studio Solution File, Format Version 12.00
# Visual Studio Version 16
VisualStudioVersion = 16.0.30114.105
MinimumVisualStudioVersion = 10.0.40219.1
Project("{FAE04EC0-301F-11D3-BF4B-00C04F79EFBC}") = "Zippysoft_CodeFirst_AD_Importer", "Zippysoft.CodeFirst.AD.Importer\Zippysoft_CodeFirst_AD_Importer.csproj", "{04D8C3B6-6F15-47F1-954D-702619A390A0}"
EndProject
Project("{FAE04EC0-301F-11D3-BF4B-00C04F79EFBC}") = "Zippysoft.CodeFirst.DAL", "Zippysoft.CodeFirst.DAL\Zippysoft.CodeFirst.DAL.csproj", "{79D47AAD-D6B4-44F7-BF26-033F4202631D}"
EndProject
Global
	GlobalSection(SolutionConfigurationPlatforms) = preSolution
		Debug|Any CPU = Debug|Any CPU
		Release|Any CPU = Release|Any CPU
	EndGlobalSection
	GlobalSection(SolutionProperties) = preSolution
		HideSolutionNode = FALSE
	EndGlobalSection
	GlobalSection(ProjectConfigurationPlatforms) = postSolution
		{04D8C3B6-6F15-47F1-954D-702619A390A0}.Debug|Any CPU.ActiveCfg = Debug|Any CPU
		{04D8C3B6-6F15-47F1-954D-702619A390A0}.Debug|Any CPU.Build.0 = Debug|Any CPU
		{04D8C3B6-6F15-47F1-954D-702619A390A0}.Release|Any CPU.ActiveCfg = Release|Any CPU
		{04D8C3B6-6F15-47F1-954D-702619A390A0}.Release|Any CPU.Build.0 = Release|Any CPU
		{79D47AAD-D6B4-44F7-BF26-033F4202631D}.Debug|Any CPU.ActiveCfg = Debug|Any CPU
		{79D47AAD-D6B4-44F7-BF26-033F4202631D}.Debug|Any CPU.Build.0 = Debug|Any CPU
		{79D47AAD-D6B4-44F7-BF26-033F4202631D}.Release|Any CPU.ActiveCfg = Release|Any CPU
		{79D47AAD-D6B4-44F7-BF26-033F4202631D}.Release|Any CPU.Build.0 = Release|Any CPU
	EndGlobalSection
EndGlobal
